
Microsoft Visual Studio Solution File, Format Version 12.00
# Visual Studio Version 16
VisualStudioVersion = 16.0.31402.337
MinimumVisualStudioVersion = 10.0.40219.1
Project("{FAE04EC0-301F-11D3-BF4B-00C04F79EFBC}") = "Exercise01", "Exercise01\Exercise01.csproj", "{B3E22FF3-8512-4A20-A5A6-9D5C976353AD}"
EndProject
Project("{9A19103F-16F7-4668-BE54-9A1E7A4F7556}") = "Exercise02", "Exercise02\Exercise02.csproj", "{88A2B82C-51FF-4613-AEA7-5F7EF277C590}"
EndProject
Global
	GlobalSection(SolutionConfigurationPlatforms) = preSolution
		Debug|Any CPU = Debug|Any CPU
		Release|Any CPU = Release|Any CPU
	EndGlobalSection
	GlobalSection(ProjectConfigurationPlatforms) = postSolution
		{B3E22FF3-8512-4A20-A5A6-9D5C976353AD}.Debug|Any CPU.ActiveCfg = Debug|Any CPU
		{B3E22FF3-8512-4A20-A5A6-9D5C976353AD}.Debug|Any CPU.Build.0 = Debug|Any CPU
		{B3E22FF3-8512-4A20-A5A6-9D5C976353AD}.Release|Any CPU.ActiveCfg = Release|Any CPU
		{B3E22FF3-8512-4A20-A5A6-9D5C976353AD}.Release|Any CPU.Build.0 = Release|Any CPU
		{88A2B82C-51FF-4613-AEA7-5F7EF277C590}.Debug|Any CPU.ActiveCfg = Debug|Any CPU
		{88A2B82C-51FF-4613-AEA7-5F7EF277C590}.Debug|Any CPU.Build.0 = Debug|Any CPU
		{88A2B82C-51FF-4613-AEA7-5F7EF277C590}.Release|Any CPU.ActiveCfg = Release|Any CPU
		{88A2B82C-51FF-4613-AEA7-5F7EF277C590}.Release|Any CPU.Build.0 = Release|Any CPU
	EndGlobalSection
	GlobalSection(SolutionProperties) = preSolution
		HideSolutionNode = FALSE
	EndGlobalSection
	GlobalSection(ExtensibilityGlobals) = postSolution
		SolutionGuid = {623B5FBC-B56C-455F-961E-D04E52F24E82}
	EndGlobalSection
EndGlobal
